
Microsoft Visual Studio Solution File, Format Version 12.00
# Visual Studio 15
VisualStudioVersion = 15.0.28010.2046
MinimumVisualStudioVersion = 10.0.40219.1
Project("{FAE04EC0-301F-11D3-BF4B-00C04F79EFBC}") = "ByteAuthor.StaskStack", "ByteAuthor.StaskStack\ByteAuthor.StaskStack.csproj", "{2ADD7B44-60A9-468B-A478-BD4A4E959EE9}"
EndProject
Global
	GlobalSection(SolutionConfigurationPlatforms) = preSolution
		Debug|Any CPU = Debug|Any CPU
		Release|Any CPU = Release|Any CPU
	EndGlobalSection
	GlobalSection(ProjectConfigurationPlatforms) = postSolution
		{2ADD7B44-60A9-468B-A478-BD4A4E959EE9}.Debug|Any CPU.ActiveCfg = Debug|Any CPU
		{2ADD7B44-60A9-468B-A478-BD4A4E959EE9}.Debug|Any CPU.Build.0 = Debug|Any CPU
		{2ADD7B44-60A9-468B-A478-BD4A4E959EE9}.Release|Any CPU.ActiveCfg = Release|Any CPU
		{2ADD7B44-60A9-468B-A478-BD4A4E959EE9}.Release|Any CPU.Build.0 = Release|Any CPU
	EndGlobalSection
	GlobalSection(SolutionProperties) = preSolution
		HideSolutionNode = FALSE
	EndGlobalSection
	GlobalSection(ExtensibilityGlobals) = postSolution
		SolutionGuid = {412C5F16-1822-4810-969B-7BB943FDB8EA}
	EndGlobalSection
EndGlobal
